<?xml version="1.0" encoding="utf-8"?>
<Project ToolsVersion="4.0" xmlns="http://schemas.microsoft.com/developer/msbuild/2003">
  <ItemGroup>
    <ClCompile Include="..\Network\Connection.c" />
    <ClCompile Include="Main.c" />
    <ClCompile Include="Integration.c" />
    <ClCompile Include="Message.c" />
    <ClCompile Include="Network.c" />
    <ClCompile Include="Protocol.c" />
    <ClCompile Include="SDK.c" />
  </ItemGroup>
  <ItemGroup>
    <ClInclude Include="..\KNSoft.ZPigeon.Client.SDK\Client.inl" />
    <ClInclude Include="..\Network\Authentication.inl" />
    <ClInclude Include="..\Network\Connection.h" />
    <ClInclude Include="..\Network\Transport.h" />
    <ClInclude Include="..\Include\KNSoft\ZPigeon\SDK.h" />
    <ClInclude Include="..\KNSoft.ZPigeon.Client.SDK\Include\KNSoft\ZPigeon\Client.h" />
    <ClInclude Include="..\KNSoft.ZPigeon.Server.SDK\Include\KNSoft\ZPigeon\Server.h" />
    <ClInclude Include="..\KNSoft.ZPigeon.Server.SDK\Server.inl" />
    <ClInclude Include="UnitTest.h" />
  </ItemGroup>
  <ItemGroup>
    <None Include="packages.config" />
  </ItemGroup>
</Project>
