<?xml version="1.0" encoding="utf-8"?>
<Project ToolsVersion="4.0" xmlns="http://schemas.microsoft.com/developer/msbuild/2003">
  <ItemGroup>
    <Filter Include="Network">
      <UniqueIdentifier>{EF7C78AC-8379-458D-9CC4-FA5C63D16F91}</UniqueIdentifier>
    </Filter>
  </ItemGroup>
  <ItemGroup>
    <ClCompile Include="..\Network\Connection.c">
      <Filter>Network</Filter>
    </ClCompile>
    <ClCompile Include="Network\Main.c">
      <Filter>Network</Filter>
    </ClCompile>
  </ItemGroup>
  <ItemGroup>
    <ClInclude Include="..\Network\Config.inl">
      <Filter>Network</Filter>
    </ClInclude>
    <ClInclude Include="..\Network\Connection.h">
      <Filter>Network</Filter>
    </ClInclude>
    <ClInclude Include="..\Include\KNSoft\ZPigeon\SDK.h" />
    <ClInclude Include="Include\KNSoft\ZPigeon\Server.h" />
    <ClInclude Include="Server.inl" />
  </ItemGroup>
  <ItemGroup>
    <None Include="packages.config" />
  </ItemGroup>
</Project>
