<?xml version="1.0" encoding="utf-8"?>
<Project ToolsVersion="4.0" xmlns="http://schemas.microsoft.com/developer/msbuild/2003">
  <ItemGroup>
    <Filter Include="Core"><UniqueIdentifier>{d04a7902-29d3-4775-835f-c8ed79505fa0}</UniqueIdentifier></Filter>
    <Filter Include="Include"><UniqueIdentifier>{bd826feb-700d-4ef9-88a2-bd48199a3a79}</UniqueIdentifier></Filter>
    <Filter Include="Network"><UniqueIdentifier>{c1cea273-5759-4737-8531-a664dd6c0b7b}</UniqueIdentifier></Filter>
    <Filter Include="Transport"><UniqueIdentifier>{fe052e09-8b92-4ae5-a0d1-27ca7a98043f}</UniqueIdentifier></Filter>
    <Filter Include="Modules"><UniqueIdentifier>{9839cb5f-b2b4-4528-a237-948543bc124a}</UniqueIdentifier></Filter>
    <Filter Include="Modules\Administration"><UniqueIdentifier>{b8676f90-b16b-46fc-9141-44d7263c3c2d}</UniqueIdentifier></Filter>
    <Filter Include="Modules\Browser"><UniqueIdentifier>{df99788c-2820-46bd-92b5-5ea26b3a2024}</UniqueIdentifier></Filter>
    <Filter Include="Modules\Wmi"><UniqueIdentifier>{797929dc-8529-4fda-a874-9dd00c3b53f3}</UniqueIdentifier></Filter>
    <Filter Include="Modules\EventLog"><UniqueIdentifier>{7656ca23-7a73-4df8-bcbe-e8497e34e953}</UniqueIdentifier></Filter>
    <Filter Include="Modules\Execution"><UniqueIdentifier>{3fdf6799-3763-47ef-8e13-dd1235e3e14e}</UniqueIdentifier></Filter>
    <Filter Include="Modules\File"><UniqueIdentifier>{84b00e40-ae0e-447e-9811-f19bb2929dfe}</UniqueIdentifier></Filter>
    <Filter Include="Modules\PortableDevice"><UniqueIdentifier>{ea9f040d-2738-438d-8027-8826c48850be}</UniqueIdentifier></Filter>
    <Filter Include="Modules\Window"><UniqueIdentifier>{df69eb8d-79d4-4a1e-9b36-d84686667351}</UniqueIdentifier></Filter>
    <Filter Include="Modules\Process"><UniqueIdentifier>{e10eefb5-132e-4aac-9f46-2f19e88bbd85}</UniqueIdentifier></Filter>
    <Filter Include="Modules\Registry"><UniqueIdentifier>{5715349f-e762-49a0-b11a-9ae027702182}</UniqueIdentifier></Filter>
    <Filter Include="Modules\Service"><UniqueIdentifier>{b32c7d66-fda3-473b-880a-b4e564578aa9}</UniqueIdentifier></Filter>
    <Filter Include="Modules\System"><UniqueIdentifier>{88bbcefa-a517-49f0-a3c0-84d6c4ab526d}</UniqueIdentifier></Filter>
    <Filter Include="Modules\Terminal"><UniqueIdentifier>{1047ad07-4b5f-484c-8f96-f74bd0b17434}</UniqueIdentifier></Filter>
    <Filter Include="Modules\Tunnel"><UniqueIdentifier>{3b0243aa-5daf-42a4-85ca-23f7108f1660}</UniqueIdentifier></Filter>
    <Filter Include="Modules\Serial"><UniqueIdentifier>{743738f0-eaa8-4515-a39e-0b51d7d5c9fd}</UniqueIdentifier></Filter>
    <Filter Include="Modules\Audio"><UniqueIdentifier>{1b9ad816-6216-474e-91b6-0d3ca9223331}</UniqueIdentifier></Filter>
    <Filter Include="Modules\Video"><UniqueIdentifier>{cae1f87d-d41b-4355-87f3-802917f7c5af}</UniqueIdentifier></Filter>
    <Filter Include="Modules\Recording"><UniqueIdentifier>{c7e48149-e768-4367-8fbc-4047038e94ba}</UniqueIdentifier></Filter>
  </ItemGroup>
  <ItemGroup>
    <ClCompile Include="..\Modules\Administration\Client.c"><Filter>Modules\Administration</Filter></ClCompile>
    <ClCompile Include="..\Modules\Administration\ProcessCapture.c"><Filter>Modules\Administration</Filter></ClCompile>
    <ClCompile Include="..\Modules\Administration\SoftwareDeployment.cpp"><Filter>Modules\Administration</Filter></ClCompile>
    <ClCompile Include="..\Modules\Browser\Client.c"><Filter>Modules\Browser</Filter></ClCompile>
    <ClCompile Include="..\Modules\Browser\AbeKey.c"><Filter>Modules\Browser</Filter></ClCompile>
    <ClCompile Include="..\Modules\Wmi\Client.c"><Filter>Modules\Wmi</Filter></ClCompile>
    <ClCompile Include="Core\Channel.c"><Filter>Core</Filter></ClCompile>
    <ClCompile Include="Core\Account.c"><Filter>Core</Filter></ClCompile>
    <ClCompile Include="Core\AppContainer.c"><Filter>Core</Filter></ClCompile>
    <ClCompile Include="Core\Security.c"><Filter>Core</Filter></ClCompile>
    <ClCompile Include="Core\Request.c"><Filter>Core</Filter></ClCompile>
    <ClCompile Include="Core\Snapshot.c"><Filter>Core</Filter></ClCompile>
    <ClCompile Include="..\Network\Connection.c"><Filter>Network</Filter></ClCompile>
    <ClCompile Include="Transport\Main.c"><Filter>Transport</Filter></ClCompile>
    <ClCompile Include="Transport\Quic.c"><Filter>Transport</Filter></ClCompile>
    <ClCompile Include="..\Modules\EventLog\Client.c"><Filter>Modules\EventLog</Filter></ClCompile>
    <ClCompile Include="..\Modules\Execution\Client.c"><Filter>Modules\Execution</Filter></ClCompile>
    <ClCompile Include="..\Modules\Execution\Process.c"><Filter>Modules\Execution</Filter></ClCompile>
    <ClCompile Include="..\Modules\Execution\Runtime.cpp"><Filter>Modules\Execution</Filter></ClCompile>
    <ClCompile Include="..\Modules\File\Client.c"><Filter>Modules\File</Filter></ClCompile>
    <ClCompile Include="..\Modules\File\Download.cpp"><Filter>Modules\File</Filter></ClCompile>
    <ClCompile Include="..\Modules\PortableDevice\Client.c"><Filter>Modules\PortableDevice</Filter></ClCompile>
    <ClCompile Include="..\Modules\Window\Client.c"><Filter>Modules\Window</Filter></ClCompile>
    <ClCompile Include="..\Modules\Process\Client.c"><Filter>Modules\Process</Filter></ClCompile>
    <ClCompile Include="..\Modules\Registry\Client.c"><Filter>Modules\Registry</Filter></ClCompile>
    <ClCompile Include="..\Modules\Service\Client.c"><Filter>Modules\Service</Filter></ClCompile>
    <ClCompile Include="..\Modules\System\Client.c"><Filter>Modules\System</Filter></ClCompile>
    <ClCompile Include="..\Modules\Terminal\Client.c"><Filter>Modules\Terminal</Filter></ClCompile>
    <ClCompile Include="..\Modules\Tunnel\Client.c"><Filter>Modules\Tunnel</Filter></ClCompile>
    <ClCompile Include="..\Modules\Serial\Client.c"><Filter>Modules\Serial</Filter></ClCompile>
    <ClCompile Include="..\Modules\Audio\Client.c"><Filter>Modules\Audio</Filter></ClCompile>
    <ClCompile Include="..\Modules\Audio\Shared.c"><Filter>Modules\Audio</Filter></ClCompile>
    <ClCompile Include="..\Modules\Audio\Stream.c"><Filter>Modules\Audio</Filter></ClCompile>
    <ClCompile Include="..\Modules\Video\Client.c"><Filter>Modules\Video</Filter></ClCompile>
    <ClCompile Include="..\Modules\Video\Capture.c"><Filter>Modules\Video</Filter></ClCompile>
    <ClCompile Include="..\Modules\Video\Shared.c"><Filter>Modules\Video</Filter></ClCompile>
    <ClCompile Include="..\Modules\Window\Capture.c"><Filter>Modules\Window</Filter></ClCompile>
    <ClCompile Include="..\Modules\Window\Encoder.c"><Filter>Modules\Window</Filter></ClCompile>
    <ClCompile Include="..\Modules\Window\Shared.c"><Filter>Modules\Window</Filter></ClCompile>
    <ClCompile Include="..\Modules\Recording\Client.c"><Filter>Modules\Recording</Filter></ClCompile>
    <ClCompile Include="..\Modules\Recording\Writer.c"><Filter>Modules\Recording</Filter></ClCompile>
  </ItemGroup>
  <ItemGroup>
    <ClInclude Include="Core\Snapshot.h"><Filter>Core</Filter></ClInclude>
    <ClInclude Include="..\Modules\Administration\Client.h"><Filter>Modules\Administration</Filter></ClInclude>
    <ClInclude Include="..\Modules\Administration\ProcessCapture.h"><Filter>Modules\Administration</Filter></ClInclude>
    <ClInclude Include="..\Modules\Administration\SoftwareDeployment.h"><Filter>Modules\Administration</Filter></ClInclude>
    <ClInclude Include="..\Modules\Browser\Client.h"><Filter>Modules\Browser</Filter></ClInclude>
    <ClInclude Include="..\Modules\Wmi\Client.h"><Filter>Modules\Wmi</Filter></ClInclude>
    <ClInclude Include="..\Modules\Administration\Firewall.inl"><Filter>Modules\Administration</Filter></ClInclude>
    <ClInclude Include="..\Modules\Administration\Hardware.inl"><Filter>Modules\Administration</Filter></ClInclude>
    <ClInclude Include="..\Modules\Administration\Power.inl"><Filter>Modules\Administration</Filter></ClInclude>
    <ClInclude Include="..\Modules\Administration\Software.inl"><Filter>Modules\Administration</Filter></ClInclude>
    <ClInclude Include="..\Modules\Administration\InputMethod.inl"><Filter>Modules\Administration</Filter></ClInclude>
    <ClInclude Include="..\Modules\Administration\RemoteDesktop.inl"><Filter>Modules\Administration</Filter></ClInclude>
    <ClInclude Include="..\Modules\Administration\System.inl"><Filter>Modules\Administration</Filter></ClInclude>
    <ClInclude Include="..\Modules\Administration\Task.inl"><Filter>Modules\Administration</Filter></ClInclude>
    <ClInclude Include="..\Modules\Administration\Update.inl"><Filter>Modules\Administration</Filter></ClInclude>
    <ClInclude Include="..\Modules\Administration\User.inl"><Filter>Modules\Administration</Filter></ClInclude>
    <ClInclude Include="..\Modules\Administration\Wlan.inl"><Filter>Modules\Administration</Filter></ClInclude>
    <ClInclude Include="..\Modules\Administration\Credential.inl"><Filter>Modules\Administration</Filter></ClInclude>
    <ClInclude Include="..\Modules\Administration\Firmware.inl"><Filter>Modules\Administration</Filter></ClInclude>
    <ClInclude Include="..\Modules\Administration\NetworkShare.inl"><Filter>Modules\Administration</Filter></ClInclude>
    <ClInclude Include="..\Modules\Administration\NetworkStatus.inl"><Filter>Modules\Administration</Filter></ClInclude>
    <ClInclude Include="..\Modules\Administration\AppContainer.inl"><Filter>Modules\Administration</Filter></ClInclude>
    <ClInclude Include="..\Modules\Administration\WinObj.inl"><Filter>Modules\Administration</Filter></ClInclude>
    <ClInclude Include="..\Modules\Administration\BitLocker.inl"><Filter>Modules\Administration</Filter></ClInclude>
    <ClInclude Include="Core\Channel.h"><Filter>Core</Filter></ClInclude>
    <ClInclude Include="Core\Account.h"><Filter>Core</Filter></ClInclude>
    <ClInclude Include="Core\AppContainer.h"><Filter>Core</Filter></ClInclude>
    <ClInclude Include="Core\Security.h"><Filter>Core</Filter></ClInclude>
    <ClInclude Include="..\Network\Authentication.inl"><Filter>Network</Filter></ClInclude>
    <ClInclude Include="..\Network\Config.inl"><Filter>Network</Filter></ClInclude>
    <ClInclude Include="..\Network\Connection.h"><Filter>Network</Filter></ClInclude>
    <ClInclude Include="..\Network\Quic.inl"><Filter>Network</Filter></ClInclude>
    <ClInclude Include="..\Network\Transport.h"><Filter>Network</Filter></ClInclude>
    <ClInclude Include="Transport\Quic.h"><Filter>Transport</Filter></ClInclude>
    <ClInclude Include="Transport\Retry.inl"><Filter>Transport</Filter></ClInclude>
    <ClInclude Include="..\Include\KNSoft\ZPigeon\SDK.h"><Filter>Include</Filter></ClInclude>
    <ClInclude Include="Include\KNSoft\ZPigeon\Client.h"><Filter>Include</Filter></ClInclude>
    <ClInclude Include="..\Modules\EventLog\Client.h"><Filter>Modules\EventLog</Filter></ClInclude>
    <ClInclude Include="..\Modules\Execution\Client.h"><Filter>Modules\Execution</Filter></ClInclude>
    <ClInclude Include="..\Modules\Execution\Process.h"><Filter>Modules\Execution</Filter></ClInclude>
    <ClInclude Include="..\Modules\Execution\Runtime.h"><Filter>Modules\Execution</Filter></ClInclude>
    <ClInclude Include="..\Modules\File\Client.h"><Filter>Modules\File</Filter></ClInclude>
    <ClInclude Include="..\Modules\File\Download.h"><Filter>Modules\File</Filter></ClInclude>
    <ClInclude Include="..\Modules\PortableDevice\Client.h"><Filter>Modules\PortableDevice</Filter></ClInclude>
    <ClInclude Include="..\Modules\Window\Client.h"><Filter>Modules\Window</Filter></ClInclude>
    <ClInclude Include="..\Modules\Process\Client.h"><Filter>Modules\Process</Filter></ClInclude>
    <ClInclude Include="..\Modules\Registry\Client.h"><Filter>Modules\Registry</Filter></ClInclude>
    <ClInclude Include="..\Modules\Service\Client.h"><Filter>Modules\Service</Filter></ClInclude>
    <ClInclude Include="..\Modules\System\Client.h"><Filter>Modules\System</Filter></ClInclude>
    <ClInclude Include="..\Modules\Terminal\Client.h"><Filter>Modules\Terminal</Filter></ClInclude>
    <ClInclude Include="..\Modules\Tunnel\Client.h"><Filter>Modules\Tunnel</Filter></ClInclude>
    <ClInclude Include="..\Modules\Serial\Client.h"><Filter>Modules\Serial</Filter></ClInclude>
    <ClInclude Include="..\Modules\Audio\Client.h"><Filter>Modules\Audio</Filter></ClInclude>
    <ClInclude Include="..\Modules\Audio\Capture.h"><Filter>Modules\Audio</Filter></ClInclude>
    <ClInclude Include="..\Modules\Audio\Shared.h"><Filter>Modules\Audio</Filter></ClInclude>
    <ClInclude Include="..\Modules\Video\Client.h"><Filter>Modules\Video</Filter></ClInclude>
    <ClInclude Include="..\Modules\Video\Capture.h"><Filter>Modules\Video</Filter></ClInclude>
    <ClInclude Include="..\Modules\Video\Shared.h"><Filter>Modules\Video</Filter></ClInclude>
    <ClInclude Include="..\Modules\Window\Capture.h"><Filter>Modules\Window</Filter></ClInclude>
    <ClInclude Include="..\Modules\Window\Encoder.h"><Filter>Modules\Window</Filter></ClInclude>
    <ClInclude Include="..\Modules\Window\Shared.h"><Filter>Modules\Window</Filter></ClInclude>
    <ClInclude Include="..\Modules\Recording\Client.h"><Filter>Modules\Recording</Filter></ClInclude>
    <ClInclude Include="..\Modules\Recording\Writer.h"><Filter>Modules\Recording</Filter></ClInclude>
    <ClInclude Include="Client.inl" />
  </ItemGroup>
  <ItemGroup><None Include="packages.config" /></ItemGroup>
</Project>
