<?xml version="1.0" encoding="utf-8"?>
<Project ToolsVersion="4.0" xmlns="http://schemas.microsoft.com/developer/msbuild/2003">
  <ItemGroup>
    <Filter Include="Network">
      <UniqueIdentifier>{c1cea273-5759-4737-8531-a664dd6c0b7b}</UniqueIdentifier>
    </Filter>
  </ItemGroup>
  <ItemGroup>
    <ClCompile Include="..\Network\Connection.c">
      <Filter>Network</Filter>
    </ClCompile>
    <ClCompile Include="Network\Main.c">
      <Filter>Network</Filter>
    </ClCompile>
    <ClCompile Include="Network\Quic.c">
      <Filter>Network</Filter>
    </ClCompile>
  </ItemGroup>
  <ItemGroup>
    <ClInclude Include="..\Network\Authentication.inl">
      <Filter>Network</Filter>
    </ClInclude>
    <ClInclude Include="..\Network\Config.inl">
      <Filter>Network</Filter>
    </ClInclude>
    <ClInclude Include="..\Network\Connection.h">
      <Filter>Network</Filter>
    </ClInclude>
    <ClInclude Include="..\Network\Quic.inl">
      <Filter>Network</Filter>
    </ClInclude>
    <ClInclude Include="..\Network\Transport.h">
      <Filter>Network</Filter>
    </ClInclude>
    <ClInclude Include="..\Include\KNSoft\ZPigeon\SDK.h" />
    <ClInclude Include="Client.inl" />
    <ClInclude Include="Include\KNSoft\ZPigeon\Client.h" />
    <ClInclude Include="Network\Quic.h">
      <Filter>Network</Filter>
    </ClInclude>
    <ClInclude Include="Network\Retry.inl">
      <Filter>Network</Filter>
    </ClInclude>
  </ItemGroup>
  <ItemGroup>
    <None Include="packages.config" />
  </ItemGroup>
</Project>
